
Microsoft Visual Studio Solution File, Format Version 12.00
# Visual Studio Version 16
VisualStudioVersion = 16.0.32002.261
MinimumVisualStudioVersion = 10.0.40219.1
Project("{9A19103F-16F7-4668-BE54-9A1E7A4F7556}") = "NumberLists", "NumberLists\NumberLists.csproj", "{D2C22826-2657-48D3-BAA1-211B232F43BB}"
EndProject
Project("{9A19103F-16F7-4668-BE54-9A1E7A4F7556}") = "CLLibrary", "CLLibrary\CLLibrary.csproj", "{7B5E642A-0AE5-492E-94B0-AD3A84B32DF7}"
EndProject
Project("{9A19103F-16F7-4668-BE54-9A1E7A4F7556}") = "NumberListsTests", "NumberListsTests\NumberListsTests.csproj", "{8342DC81-CA4F-49BB-A4B4-0158484E5F8A}"
EndProject
Global
	GlobalSection(SolutionConfigurationPlatforms) = preSolution
		Debug|Any CPU = Debug|Any CPU
		Release|Any CPU = Release|Any CPU
	EndGlobalSection
	GlobalSection(ProjectConfigurationPlatforms) = postSolution
		{D2C22826-2657-48D3-BAA1-211B232F43BB}.Debug|Any CPU.ActiveCfg = Debug|Any CPU
		{D2C22826-2657-48D3-BAA1-211B232F43BB}.Debug|Any CPU.Build.0 = Debug|Any CPU
		{D2C22826-2657-48D3-BAA1-211B232F43BB}.Release|Any CPU.ActiveCfg = Release|Any CPU
		{D2C22826-2657-48D3-BAA1-211B232F43BB}.Release|Any CPU.Build.0 = Release|Any CPU
		{7B5E642A-0AE5-492E-94B0-AD3A84B32DF7}.Debug|Any CPU.ActiveCfg = Debug|Any CPU
		{7B5E642A-0AE5-492E-94B0-AD3A84B32DF7}.Debug|Any CPU.Build.0 = Debug|Any CPU
		{7B5E642A-0AE5-492E-94B0-AD3A84B32DF7}.Release|Any CPU.ActiveCfg = Release|Any CPU
		{7B5E642A-0AE5-492E-94B0-AD3A84B32DF7}.Release|Any CPU.Build.0 = Release|Any CPU
		{8342DC81-CA4F-49BB-A4B4-0158484E5F8A}.Debug|Any CPU.ActiveCfg = Debug|Any CPU
		{8342DC81-CA4F-49BB-A4B4-0158484E5F8A}.Debug|Any CPU.Build.0 = Debug|Any CPU
		{8342DC81-CA4F-49BB-A4B4-0158484E5F8A}.Release|Any CPU.ActiveCfg = Release|Any CPU
		{8342DC81-CA4F-49BB-A4B4-0158484E5F8A}.Release|Any CPU.Build.0 = Release|Any CPU
	EndGlobalSection
	GlobalSection(SolutionProperties) = preSolution
		HideSolutionNode = FALSE
	EndGlobalSection
	GlobalSection(ExtensibilityGlobals) = postSolution
		SolutionGuid = {C0470885-7CF0-48A5-BB66-998BA0EF4C97}
	EndGlobalSection
EndGlobal
